
Microsoft Visual Studio Solution File, Format Version 12.00
# Visual Studio 2015
Project("{FAE04EC0-301F-11D3-BF4B-00C04F79EFBC}") = "CJFramwork.CSharp", "CJFramwork.CSharp.csproj", "{BE14A8DE-78EF-528C-2CC8-2D2BFEEE6A8A}"
EndProject
Project("{FAE04EC0-301F-11D3-BF4B-00C04F79EFBC}") = "CJFramwork.CSharp.Editor", "CJFramwork.CSharp.Editor.csproj", "{960AFB64-DEF4-A080-85B0-DE3F2EBDB3E4}"
EndProject
Global
	GlobalSection(SolutionConfigurationPlatforms) = preSolution
		Debug|Any CPU = Debug|Any CPU
		Release|Any CPU = Release|Any CPU
	EndGlobalSection
	GlobalSection(ProjectConfigurationPlatforms) = postSolution
		{BE14A8DE-78EF-528C-2CC8-2D2BFEEE6A8A}.Debug|Any CPU.ActiveCfg = Debug|Any CPU
		{BE14A8DE-78EF-528C-2CC8-2D2BFEEE6A8A}.Debug|Any CPU.Build.0 = Debug|Any CPU
		{BE14A8DE-78EF-528C-2CC8-2D2BFEEE6A8A}.Release|Any CPU.ActiveCfg = Release|Any CPU
		{BE14A8DE-78EF-528C-2CC8-2D2BFEEE6A8A}.Release|Any CPU.Build.0 = Release|Any CPU
		{960AFB64-DEF4-A080-85B0-DE3F2EBDB3E4}.Debug|Any CPU.ActiveCfg = Debug|Any CPU
		{960AFB64-DEF4-A080-85B0-DE3F2EBDB3E4}.Debug|Any CPU.Build.0 = Debug|Any CPU
		{960AFB64-DEF4-A080-85B0-DE3F2EBDB3E4}.Release|Any CPU.ActiveCfg = Release|Any CPU
		{960AFB64-DEF4-A080-85B0-DE3F2EBDB3E4}.Release|Any CPU.Build.0 = Release|Any CPU
	EndGlobalSection
	GlobalSection(SolutionProperties) = preSolution
		HideSolutionNode = FALSE
	EndGlobalSection
EndGlobal
